// !$*UTF8*$!
{
	archiveVersion = 1;
	classes = {
	};
	objectVersion = 50;
	objects = {

/* Begin PBXBuildFile section */
		E1CF566B226893AF0070524B /* AppDelegate.swift in Sources */ = {isa = PBXBuildFile; fileRef = E1CF566A226893AF0070524B /* AppDelegate.swift */; };
		E1CF566D226893AF0070524B /* ViewController.swift in Sources */ = {isa = PBXBuildFile; fileRef = E1CF566C226893AF0070524B /* ViewController.swift */; };
		E1CF5670226893AF0070524B /* Main.storyboard in Resources */ = {isa = PBXBuildFile; fileRef = E1CF566E226893AF0070524B /* Main.storyboard */; };
		E1CF5672226893B00070524B /* Assets.xcassets in Resources */ = {isa = PBXBuildFile; fileRef = E1CF5671226893B00070524B /* Assets.xcassets */; };
		E1CF5675226893B00070524B /* LaunchScreen.storyboard in Resources */ = {isa = PBXBuildFile; fileRef = E1CF5673226893B00070524B /* LaunchScreen.storyboard */; };
		E1CF5680226893B00070524B /* subTests.swift in Sources */ = {isa = PBXBuildFile; fileRef = E1CF567F226893B00070524B /* subTests.swift */; };
		E1CF568B226893B00070524B /* subUITests.swift in Sources */ = {isa = PBXBuildFile; fileRef = E1CF568A226893B00070524B /* subUITests.swift */; };
		E1CF56992268943E0070524B /* sub2.swift in Sources */ = {isa = PBXBuildFile; fileRef = E1CF56982268943E0070524B /* sub2.swift */; };
/* End PBXBuildFile section */

/* Begin PBXContainerItemProxy section */
		E1CF567C226893B00070524B /* PBXContainerItemProxy */ = {
			isa = PBXContainerItemProxy;
			containerPortal = E1CF565F226893AF0070524B /* Project object */;
			proxyType = 1;
			remoteGlobalIDString = E1CF5666226893AF0070524B;
			remoteInfo = sub;
		};
		E1CF5687226893B00070524B /* PBXContainerItemProxy */ = {
			isa = PBXContainerItemProxy;
			containerPortal = E1CF565F226893AF0070524B /* Project object */;
			proxyType = 1;
			remoteGlobalIDString = E1CF5666226893AF0070524B;
			remoteInfo = sub;
		};
/* End PBXContainerItemProxy section */

/* Begin PBXFileReference section */
		E1CF5667226893AF0070524B /* sub.app */ = {isa = PBXFileReference; explicitFileType = wrapper.application; includeInIndex = 0; path = sub.app; sourceTree = BUILT_PRODUCTS_DIR; };
		E1CF566A226893AF0070524B /* AppDelegate.swift */ = {isa = PBXFileReference; lastKnownFileType = sourcecode.swift; path = AppDelegate.swift; sourceTree = "<group>"; };
		E1CF566C226893AF0070524B /* ViewController.swift */ = {isa = PBXFileReference; lastKnownFileType = sourcecode.swift; path = ViewController.swift; sourceTree = "<group>"; };
		E1CF566F226893AF0070524B /* Base */ = {isa = PBXFileReference; lastKnownFileType = file.storyboard; name = Base; path = Base.lproj/Main.storyboard; sourceTree = "<group>"; };
		E1CF5671226893B00070524B /* Assets.xcassets */ = {isa = PBXFileReference; lastKnownFileType = folder.assetcatalog; path = Assets.xcassets; sourceTree = "<group>"; };
		E1CF5674226893B00070524B /* Base */ = {isa = PBXFileReference; lastKnownFileType = file.storyboard; name = Base; path = Base.lproj/LaunchScreen.storyboard; sourceTree = "<group>"; };
		E1CF5676226893B00070524B /* Info.plist */ = {isa = PBXFileReference; lastKnownFileType = text.plist.xml; path = Info.plist; sourceTree = "<group>"; };
		E1CF567B226893B00070524B /* subTests.xctest */ = {isa = PBXFileReference; explicitFileType = wrapper.cfbundle; includeInIndex = 0; path = subTests.xctest; sourceTree = BUILT_PRODUCTS_DIR; };
		E1CF567F226893B00070524B /* subTests.swift */ = {isa = PBXFileReference; lastKnownFileType = sourcecode.swift; path = subTests.swift; sourceTree = "<group>"; };
		E1CF5681226893B00070524B /* Info.plist */ = {isa = PBXFileReference; lastKnownFileType = text.plist.xml; path = Info.plist; sourceTree = "<group>"; };
		E1CF5686226893B00070524B /* subUITests.xctest */ = {isa = PBXFileReference; explicitFileType = wrapper.cfbundle; includeInIndex = 0; path = subUITests.xctest; sourceTree = BUILT_PRODUCTS_DIR; };
		E1CF568A226893B00070524B /* subUITests.swift */ = {isa = PBXFileReference; lastKnownFileType = sourcecode.swift; path = subUITests.swift; sourceTree = "<group>"; };
		E1CF568C226893B00070524B /* Info.plist */ = {isa = PBXFileReference; lastKnownFileType = text.plist.xml; path = Info.plist; sourceTree = "<group>"; };
		E1CF56982268943E0070524B /* sub2.swift */ = {isa = PBXFileReference; lastKnownFileType = sourcecode.swift; path = sub2.swift; sourceTree = "<group>"; };
/* End PBXFileReference section */

/* Begin PBXFrameworksBuildPhase section */
		E1CF5664226893AF0070524B /* Frameworks */ = {
			isa = PBXFrameworksBuildPhase;
			buildActionMask = 2147483647;
			files = (
			);
			runOnlyForDeploymentPostprocessing = 0;
		};
		E1CF5678226893B00070524B /* Frameworks */ = {
			isa = PBXFrameworksBuildPhase;
			buildActionMask = 2147483647;
			files = (
			);
			runOnlyForDeploymentPostprocessing = 0;
		};
		E1CF5683226893B00070524B /* Frameworks */ = {
			isa = PBXFrameworksBuildPhase;
			buildActionMask = 2147483647;
			files = (
			);
			runOnlyForDeploymentPostprocessing = 0;
		};
/* End PBXFrameworksBuildPhase section */

/* Begin PBXGroup section */
		E1CF565E226893AF0070524B = {
			isa = PBXGroup;
			children = (
				E1CF5669226893AF0070524B /* sub */,
				E1CF567E226893B00070524B /* subTests */,
				E1CF5689226893B00070524B /* subUITests */,
				E1CF5668226893AF0070524B /* Products */,
			);
			sourceTree = "<group>";
		};
		E1CF5668226893AF0070524B /* Products */ = {
			isa = PBXGroup;
			children = (
				E1CF5667226893AF0070524B /* sub.app */,
				E1CF567B226893B00070524B /* subTests.xctest */,
				E1CF5686226893B00070524B /* subUITests.xctest */,
			);
			name = Products;
			sourceTree = "<group>";
		};
		E1CF5669226893AF0070524B /* sub */ = {
			isa = PBXGroup;
			children = (
				E1CF566A226893AF0070524B /* AppDelegate.swift */,
				E1CF566C226893AF0070524B /* ViewController.swift */,
				E1CF566E226893AF0070524B /* Main.storyboard */,
				E1CF5671226893B00070524B /* Assets.xcassets */,
				E1CF5673226893B00070524B /* LaunchScreen.storyboard */,
				E1CF5676226893B00070524B /* Info.plist */,
				E1CF56982268943E0070524B /* sub2.swift */,
			);
			path = sub;
			sourceTree = "<group>";
		};
		E1CF567E226893B00070524B /* subTests */ = {
			isa = PBXGroup;
			children = (
				E1CF567F226893B00070524B /* subTests.swift */,
				E1CF5681226893B00070524B /* Info.plist */,
			);
			path = subTests;
			sourceTree = "<group>";
		};
		E1CF5689226893B00070524B /* subUITests */ = {
			isa = PBXGroup;
			children = (
				E1CF568A226893B00070524B /* subUITests.swift */,
				E1CF568C226893B00070524B /* Info.plist */,
			);
			path = subUITests;
			sourceTree = "<group>";
		};
/* End PBXGroup section */

/* Begin PBXNativeTarget section */
		E1CF5666226893AF0070524B /* sub */ = {
			isa = PBXNativeTarget;
			buildConfigurationList = E1CF568F226893B00070524B /* Build configuration list for PBXNativeTarget "sub" */;
			buildPhases = (
				E1CF5663226893AF0070524B /* Sources */,
				E1CF5664226893AF0070524B /* Frameworks */,
				E1CF5665226893AF0070524B /* Resources */,
			);
			buildRules = (
			);
			dependencies = (
			);
			name = sub;
			productName = sub;
			productReference = E1CF5667226893AF0070524B /* sub.app */;
			productType = "com.apple.product-type.application";
		};
		E1CF567A226893B00070524B /* subTests */ = {
			isa = PBXNativeTarget;
			buildConfigurationList = E1CF5692226893B00070524B /* Build configuration list for PBXNativeTarget "subTests" */;
			buildPhases = (
				E1CF5677226893B00070524B /* Sources */,
				E1CF5678226893B00070524B /* Frameworks */,
				E1CF5679226893B00070524B /* Resources */,
			);
			buildRules = (
			);
			dependencies = (
				E1CF567D226893B00070524B /* PBXTargetDependency */,
			);
			name = subTests;
			productName = subTests;
			productReference = E1CF567B226893B00070524B /* subTests.xctest */;
			productType = "com.apple.product-type.bundle.unit-test";
		};
		E1CF5685226893B00070524B /* subUITests */ = {
			isa = PBXNativeTarget;
			buildConfigurationList = E1CF5695226893B00070524B /* Build configuration list for PBXNativeTarget "subUITests" */;
			buildPhases = (
				E1CF5682226893B00070524B /* Sources */,
				E1CF5683226893B00070524B /* Frameworks */,
				E1CF5684226893B00070524B /* Resources */,
			);
			buildRules = (
			);
			dependencies = (
				E1CF5688226893B00070524B /* PBXTargetDependency */,
			);
			name = subUITests;
			productName = subUITests;
			productReference = E1CF5686226893B00070524B /* subUITests.xctest */;
			productType = "com.apple.product-type.bundle.ui-testing";
		};
/* End PBXNativeTarget section */

/* Begin PBXProject section */
		E1CF565F226893AF0070524B /* Project object */ = {
			isa = PBXProject;
			attributes = {
				LastSwiftUpdateCheck = 1010;
				LastUpgradeCheck = 1010;
				ORGANIZATIONNAME = odarikuto;
				TargetAttributes = {
					E1CF5666226893AF0070524B = {
						CreatedOnToolsVersion = 10.1;
					};
					E1CF567A226893B00070524B = {
						CreatedOnToolsVersion = 10.1;
						TestTargetID = E1CF5666226893AF0070524B;
					};
					E1CF5685226893B00070524B = {
						CreatedOnToolsVersion = 10.1;
						TestTargetID = E1CF5666226893AF0070524B;
					};
				};
			};
			buildConfigurationList = E1CF5662226893AF0070524B /* Build configuration list for PBXProject "sub" */;
			compatibilityVersion = "Xcode 9.3";
			developmentRegion = en;
			hasScannedForEncodings = 0;
			knownRegions = (
				en,
				Base,
			);
			mainGroup = E1CF565E226893AF0070524B;
			productRefGroup = E1CF5668226893AF0070524B /* Products */;
			projectDirPath = "";
			projectRoot = "";
			targets = (
				E1CF5666226893AF0070524B /* sub */,
				E1CF567A226893B00070524B /* subTests */,
				E1CF5685226893B00070524B /* subUITests */,
			);
		};
/* End PBXProject section */

/* Begin PBXResourcesBuildPhase section */
		E1CF5665226893AF0070524B /* Resources */ = {
			isa = PBXResourcesBuildPhase;
			buildActionMask = 2147483647;
			files = (
				E1CF5675226893B00070524B /* LaunchScreen.storyboard in Resources */,
				E1CF5672226893B00070524B /* Assets.xcassets in Resources */,
				E1CF5670226893AF0070524B /* Main.storyboard in Resources */,
			);
			runOnlyForDeploymentPostprocessing = 0;
		};
		E1CF5679226893B00070524B /* Resources */ = {
			isa = PBXResourcesBuildPhase;
			buildActionMask = 2147483647;
			files = (
			);
			runOnlyForDeploymentPostprocessing = 0;
		};
		E1CF5684226893B00070524B /* Resources */ = {
			isa = PBXResourcesBuildPhase;
			buildActionMask = 2147483647;
			files = (
			);
			runOnlyForDeploymentPostprocessing = 0;
		};
/* End PBXResourcesBuildPhase section */

/* Begin PBXSourcesBuildPhase section */
		E1CF5663226893AF0070524B /* Sources */ = {
			isa = PBXSourcesBuildPhase;
			buildActionMask = 2147483647;
			files = (
				E1CF566D226893AF0070524B /* ViewController.swift in Sources */,
				E1CF56992268943E0070524B /* sub2.swift in Sources */,
				E1CF566B226893AF0070524B /* AppDelegate.swift in Sources */,
			);
			runOnlyForDeploymentPostprocessing = 0;
		};
		E1CF5677226893B00070524B /* Sources */ = {
			isa = PBXSourcesBuildPhase;
			buildActionMask = 2147483647;
			files = (
				E1CF5680226893B00070524B /* subTests.swift in Sources */,
			);
			runOnlyForDeploymentPostprocessing = 0;
		};
		E1CF5682226893B00070524B /* Sources */ = {
			isa = PBXSourcesBuildPhase;
			buildActionMask = 2147483647;
			files = (
				E1CF568B226893B00070524B /* subUITests.swift in Sources */,
			);
			runOnlyForDeploymentPostprocessing = 0;
		};
/* End PBXSourcesBuildPhase section */

/* Begin PBXTargetDependency section */
		E1CF567D226893B00070524B /* PBXTargetDependency */ = {
			isa = PBXTargetDependency;
			target = E1CF5666226893AF0070524B /* sub */;
			targetProxy = E1CF567C226893B00070524B /* PBXContainerItemProxy */;
		};
		E1CF5688226893B00070524B /* PBXTargetDependency */ = {
			isa = PBXTargetDependency;
			target = E1CF5666226893AF0070524B /* sub */;
			targetProxy = E1CF5687226893B00070524B /* PBXContainerItemProxy */;
		};
/* End PBXTargetDependency section */

/* Begin PBXVariantGroup section */
		E1CF566E226893AF0070524B /* Main.storyboard */ = {
			isa = PBXVariantGroup;
			children = (
				E1CF566F226893AF0070524B /* Base */,
			);
			name = Main.storyboard;
			sourceTree = "<group>";
		};
		E1CF5673226893B00070524B /* LaunchScreen.storyboard */ = {
			isa = PBXVariantGroup;
			children = (
				E1CF5674226893B00070524B /* Base */,
			);
			name = LaunchScreen.storyboard;
			sourceTree = "<group>";
		};
/* End PBXVariantGroup section */

/* Begin XCBuildConfiguration section */
		E1CF568D226893B00070524B /* Debug */ = {
			isa = XCBuildConfiguration;
			buildSettings = {
				ALWAYS_SEARCH_USER_PATHS = NO;
				CLANG_ANALYZER_NONNULL = YES;
				CLANG_ANALYZER_NUMBER_OBJECT_CONVERSION = YES_AGGRESSIVE;
				CLANG_CXX_LANGUAGE_STANDARD = "gnu++14";
				CLANG_CXX_LIBRARY = "libc++";
				CLANG_ENABLE_MODULES = YES;
				CLANG_ENABLE_OBJC_ARC = YES;
				CLANG_ENABLE_OBJC_WEAK = YES;
				CLANG_WARN_BLOCK_CAPTURE_AUTORELEASING = YES;
				CLANG_WARN_BOOL_CONVERSION = YES;
				CLANG_WARN_COMMA = YES;
				CLANG_WARN_CONSTANT_CONVERSION = YES;
				CLANG_WARN_DEPRECATED_OBJC_IMPLEMENTATIONS = YES;
				CLANG_WARN_DIRECT_OBJC_ISA_USAGE = YES_ERROR;
				CLANG_WARN_DOCUMENTATION_COMMENTS = YES;
				CLANG_WARN_EMPTY_BODY = YES;
				CLANG_WARN_ENUM_CONVERSION = YES;
				CLANG_WARN_INFINITE_RECURSION = YES;
				CLANG_WARN_INT_CONVERSION = YES;
				CLANG_WARN_NON_LITERAL_NULL_CONVERSION = YES;
				CLANG_WARN_OBJC_IMPLICIT_RETAIN_SELF = YES;
				CLANG_WARN_OBJC_LITERAL_CONVERSION = YES;
				CLANG_WARN_OBJC_ROOT_CLASS = YES_ERROR;
				CLANG_WARN_RANGE_LOOP_ANALYSIS = YES;
				CLANG_WARN_STRICT_PROTOTYPES = YES;
				CLANG_WARN_SUSPICIOUS_MOVE = YES;
				CLANG_WARN_UNGUARDED_AVAILABILITY = YES_AGGRESSIVE;
				CLANG_WARN_UNREACHABLE_CODE = YES;
				CLANG_WARN__DUPLICATE_METHOD_MATCH = YES;
				CODE_SIGN_IDENTITY = "iPhone Developer";
				COPY_PHASE_STRIP = NO;
				DEBUG_INFORMATION_FORMAT = dwarf;
				ENABLE_STRICT_OBJC_MSGSEND = YES;
				ENABLE_TESTABILITY = YES;
				GCC_C_LANGUAGE_STANDARD = gnu11;
				GCC_DYNAMIC_NO_PIC = NO;
				GCC_NO_COMMON_BLOCKS = YES;
				GCC_OPTIMIZATION_LEVEL = 0;
				GCC_PREPROCESSOR_DEFINITIONS = (
					"DEBUG=1",
					"$(inherited)",
				);
				GCC_WARN_64_TO_32_BIT_CONVERSION = YES;
				GCC_WARN_ABOUT_RETURN_TYPE = YES_ERROR;
				GCC_WARN_UNDECLARED_SELECTOR = YES;
				GCC_WARN_UNINITIALIZED_AUTOS = YES_AGGRESSIVE;
				GCC_WARN_UNUSED_FUNCTION = YES;
				GCC_WARN_UNUSED_VARIABLE = YES;
				IPHONEOS_DEPLOYMENT_TARGET = 12.1;
				MTL_ENABLE_DEBUG_INFO = INCLUDE_SOURCE;
				MTL_FAST_MATH = YES;
				ONLY_ACTIVE_ARCH = YES;
				SDKROOT = iphoneos;
				SWIFT_ACTIVE_COMPILATION_CONDITIONS = DEBUG;
				SWIFT_OPTIMIZATION_LEVEL = "-Onone";
			};
			name = Debug;
		};
		E1CF568E226893B00070524B /* Release */ = {
			isa = XCBuildConfiguration;
			buildSettings = {
				ALWAYS_SEARCH_USER_PATHS = NO;
				CLANG_ANALYZER_NONNULL = YES;
				CLANG_ANALYZER_NUMBER_OBJECT_CONVERSION = YES_AGGRESSIVE;
				CLANG_CXX_LANGUAGE_STANDARD = "gnu++14";
				CLANG_CXX_LIBRARY = "libc++";
				CLANG_ENABLE_MODULES = YES;
				CLANG_ENABLE_OBJC_ARC = YES;
				CLANG_ENABLE_OBJC_WEAK = YES;
				CLANG_WARN_BLOCK_CAPTURE_AUTORELEASING = YES;
				CLANG_WARN_BOOL_CONVERSION = YES;
				CLANG_WARN_COMMA = YES;
				CLANG_WARN_CONSTANT_CONVERSION = YES;
				CLANG_WARN_DEPRECATED_OBJC_IMPLEMENTATIONS = YES;
				CLANG_WARN_DIRECT_OBJC_ISA_USAGE = YES_ERROR;
				CLANG_WARN_DOCUMENTATION_COMMENTS = YES;
				CLANG_WARN_EMPTY_BODY = YES;
				CLANG_WARN_ENUM_CONVERSION = YES;
				CLANG_WARN_INFINITE_RECURSION = YES;
				CLANG_WARN_INT_CONVERSION = YES;
				CLANG_WARN_NON_LITERAL_NULL_CONVERSION = YES;
				CLANG_WARN_OBJC_IMPLICIT_RETAIN_SELF = YES;
				CLANG_WARN_OBJC_LITERAL_CONVERSION = YES;
				CLANG_WARN_OBJC_ROOT_CLASS = YES_ERROR;
				CLANG_WARN_RANGE_LOOP_ANALYSIS = YES;
				CLANG_WARN_STRICT_PROTOTYPES = YES;
				CLANG_WARN_SUSPICIOUS_MOVE = YES;
				CLANG_WARN_UNGUARDED_AVAILABILITY = YES_AGGRESSIVE;
				CLANG_WARN_UNREACHABLE_CODE = YES;
				CLANG_WARN__DUPLICATE_METHOD_MATCH = YES;
				CODE_SIGN_IDENTITY = "iPhone Developer";
				COPY_PHASE_STRIP = NO;
				DEBUG_INFORMATION_FORMAT = "dwarf-with-dsym";
				ENABLE_NS_ASSERTIONS = NO;
				ENABLE_STRICT_OBJC_MSGSEND = YES;
				GCC_C_LANGUAGE_STANDARD = gnu11;
				GCC_NO_COMMON_BLOCKS = YES;
				GCC_WARN_64_TO_32_BIT_CONVERSION = YES;
				GCC_WARN_ABOUT_RETURN_TYPE = YES_ERROR;
				GCC_WARN_UNDECLARED_SELECTOR = YES;
				GCC_WARN_UNINITIALIZED_AUTOS = YES_AGGRESSIVE;
				GCC_WARN_UNUSED_FUNCTION = YES;
				GCC_WARN_UNUSED_VARIABLE = YES;
				IPHONEOS_DEPLOYMENT_TARGET = 12.1;
				MTL_ENABLE_DEBUG_INFO = NO;
				MTL_FAST_MATH = YES;
				SDKROOT = iphoneos;
				SWIFT_COMPILATION_MODE = wholemodule;
				SWIFT_OPTIMIZATION_LEVEL = "-O";
				VALIDATE_PRODUCT = YES;
			};
			name = Release;
		};
		E1CF5690226893B00070524B /* Debug */ = {
			isa = XCBuildConfiguration;
			buildSettings = {
				ASSETCATALOG_COMPILER_APPICON_NAME = AppIcon;
				CODE_SIGN_STYLE = Automatic;
				INFOPLIST_FILE = sub/Info.plist;
				LD_RUNPATH_SEARCH_PATHS = (
					"$(inherited)",
					"@executable_path/Frameworks",
				);
				PRODUCT_BUNDLE_IDENTIFIER = com.example.sub;
				PRODUCT_NAME = "$(TARGET_NAME)";
				SWIFT_VERSION = 4.2;
				TARGETED_DEVICE_FAMILY = "1,2";
			};
			name = Debug;
		};
		E1CF5691226893B00070524B /* Release */ = {
			isa = XCBuildConfiguration;
			buildSettings = {
				ASSETCATALOG_COMPILER_APPICON_NAME = AppIcon;
				CODE_SIGN_STYLE = Automatic;
				INFOPLIST_FILE = sub/Info.plist;
				LD_RUNPATH_SEARCH_PATHS = (
					"$(inherited)",
					"@executable_path/Frameworks",
				);
				PRODUCT_BUNDLE_IDENTIFIER = com.example.sub;
				PRODUCT_NAME = "$(TARGET_NAME)";
				SWIFT_VERSION = 4.2;
				TARGETED_DEVICE_FAMILY = "1,2";
			};
			name = Release;
		};
		E1CF5693226893B00070524B /* Debug */ = {
			isa = XCBuildConfiguration;
			buildSettings = {
				ALWAYS_EMBED_SWIFT_STANDARD_LIBRARIES = YES;
				BUNDLE_LOADER = "$(TEST_HOST)";
				CODE_SIGN_STYLE = Automatic;
				INFOPLIST_FILE = subTests/Info.plist;
				LD_RUNPATH_SEARCH_PATHS = (
					"$(inherited)",
					"@executable_path/Frameworks",
					"@loader_path/Frameworks",
				);
				PRODUCT_BUNDLE_IDENTIFIER = com.example.subTests;
				PRODUCT_NAME = "$(TARGET_NAME)";
				SWIFT_VERSION = 4.2;
				TARGETED_DEVICE_FAMILY = "1,2";
				TEST_HOST = "$(BUILT_PRODUCTS_DIR)/sub.app/sub";
			};
			name = Debug;
		};
		E1CF5694226893B00070524B /* Release */ = {
			isa = XCBuildConfiguration;
			buildSettings = {
				ALWAYS_EMBED_SWIFT_STANDARD_LIBRARIES = YES;
				BUNDLE_LOADER = "$(TEST_HOST)";
				CODE_SIGN_STYLE = Automatic;
				INFOPLIST_FILE = subTests/Info.plist;
				LD_RUNPATH_SEARCH_PATHS = (
					"$(inherited)",
					"@executable_path/Frameworks",
					"@loader_path/Frameworks",
				);
				PRODUCT_BUNDLE_IDENTIFIER = com.example.subTests;
				PRODUCT_NAME = "$(TARGET_NAME)";
				SWIFT_VERSION = 4.2;
				TARGETED_DEVICE_FAMILY = "1,2";
				TEST_HOST = "$(BUILT_PRODUCTS_DIR)/sub.app/sub";
			};
			name = Release;
		};
		E1CF5696226893B00070524B /* Debug */ = {
			isa = XCBuildConfiguration;
			buildSettings = {
				ALWAYS_EMBED_SWIFT_STANDARD_LIBRARIES = YES;
				CODE_SIGN_STYLE = Automatic;
				INFOPLIST_FILE = subUITests/Info.plist;
				LD_RUNPATH_SEARCH_PATHS = (
					"$(inherited)",
					"@executable_path/Frameworks",
					"@loader_path/Frameworks",
				);
				PRODUCT_BUNDLE_IDENTIFIER = com.example.subUITests;
				PRODUCT_NAME = "$(TARGET_NAME)";
				SWIFT_VERSION = 4.2;
				TARGETED_DEVICE_FAMILY = "1,2";
				TEST_TARGET_NAME = sub;
			};
			name = Debug;
		};
		E1CF5697226893B00070524B /* Release */ = {
			isa = XCBuildConfiguration;
			buildSettings = {
				ALWAYS_EMBED_SWIFT_STANDARD_LIBRARIES = YES;
				CODE_SIGN_STYLE = Automatic;
				INFOPLIST_FILE = subUITests/Info.plist;
				LD_RUNPATH_SEARCH_PATHS = (
					"$(inherited)",
					"@executable_path/Frameworks",
					"@loader_path/Frameworks",
				);
				PRODUCT_BUNDLE_IDENTIFIER = com.example.subUITests;
				PRODUCT_NAME = "$(TARGET_NAME)";
				SWIFT_VERSION = 4.2;
				TARGETED_DEVICE_FAMILY = "1,2";
				TEST_TARGET_NAME = sub;
			};
			name = Release;
		};
/* End XCBuildConfiguration section */

/* Begin XCConfigurationList section */
		E1CF5662226893AF0070524B /* Build configuration list for PBXProject "sub" */ = {
			isa = XCConfigurationList;
			buildConfigurations = (
				E1CF568D226893B00070524B /* Debug */,
				E1CF568E226893B00070524B /* Release */,
			);
			defaultConfigurationIsVisible = 0;
			defaultConfigurationName = Release;
		};
		E1CF568F226893B00070524B /* Build configuration list for PBXNativeTarget "sub" */ = {
			isa = XCConfigurationList;
			buildConfigurations = (
				E1CF5690226893B00070524B /* Debug */,
				E1CF5691226893B00070524B /* Release */,
			);
			defaultConfigurationIsVisible = 0;
			defaultConfigurationName = Release;
		};
		E1CF5692226893B00070524B /* Build configuration list for PBXNativeTarget "subTests" */ = {
			isa = XCConfigurationList;
			buildConfigurations = (
				E1CF5693226893B00070524B /* Debug */,
				E1CF5694226893B00070524B /* Release */,
			);
			defaultConfigurationIsVisible = 0;
			defaultConfigurationName = Release;
		};
		E1CF5695226893B00070524B /* Build configuration list for PBXNativeTarget "subUITests" */ = {
			isa = XCConfigurationList;
			buildConfigurations = (
				E1CF5696226893B00070524B /* Debug */,
				E1CF5697226893B00070524B /* Release */,
			);
			defaultConfigurationIsVisible = 0;
			defaultConfigurationName = Release;
		};
/* End XCConfigurationList section */
	};
	rootObject = E1CF565F226893AF0070524B /* Project object */;
}
